
Microsoft Visual Studio Solution File, Format Version 12.00
# Visual Studio Version 16
VisualStudioVersion = 16.0.31112.23
MinimumVisualStudioVersion = 10.0.40219.1
Project("{9A19103F-16F7-4668-BE54-9A1E7A4F7556}") = "OOPCSH", "OOPCSH\OOPCSH.csproj", "{6CA8417B-C154-4AE1-991F-5EF0826E2F8E}"
EndProject
Project("{8BC9CEB8-8B4A-11D0-8D11-00A0C91BC942}") = "DllCs", "DllCs\DllCs.vcxproj", "{5580B98F-C054-4988-B8CC-DECFD8138145}"
EndProject
Global
	GlobalSection(SolutionConfigurationPlatforms) = preSolution
		Debug|Any CPU = Debug|Any CPU
		Debug|x64 = Debug|x64
		Debug|x86 = Debug|x86
		Release|Any CPU = Release|Any CPU
		Release|x64 = Release|x64
		Release|x86 = Release|x86
	EndGlobalSection
	GlobalSection(ProjectConfigurationPlatforms) = postSolution
		{6CA8417B-C154-4AE1-991F-5EF0826E2F8E}.Debug|Any CPU.ActiveCfg = Debug|Any CPU
		{6CA8417B-C154-4AE1-991F-5EF0826E2F8E}.Debug|Any CPU.Build.0 = Debug|Any CPU
		{6CA8417B-C154-4AE1-991F-5EF0826E2F8E}.Debug|x64.ActiveCfg = Debug|Any CPU
		{6CA8417B-C154-4AE1-991F-5EF0826E2F8E}.Debug|x64.Build.0 = Debug|Any CPU
		{6CA8417B-C154-4AE1-991F-5EF0826E2F8E}.Debug|x86.ActiveCfg = Debug|Any CPU
		{6CA8417B-C154-4AE1-991F-5EF0826E2F8E}.Debug|x86.Build.0 = Debug|Any CPU
		{6CA8417B-C154-4AE1-991F-5EF0826E2F8E}.Release|Any CPU.ActiveCfg = Release|Any CPU
		{6CA8417B-C154-4AE1-991F-5EF0826E2F8E}.Release|Any CPU.Build.0 = Release|Any CPU
		{6CA8417B-C154-4AE1-991F-5EF0826E2F8E}.Release|x64.ActiveCfg = Release|Any CPU
		{6CA8417B-C154-4AE1-991F-5EF0826E2F8E}.Release|x64.Build.0 = Release|Any CPU
		{6CA8417B-C154-4AE1-991F-5EF0826E2F8E}.Release|x86.ActiveCfg = Release|Any CPU
		{6CA8417B-C154-4AE1-991F-5EF0826E2F8E}.Release|x86.Build.0 = Release|Any CPU
		{5580B98F-C054-4988-B8CC-DECFD8138145}.Debug|Any CPU.ActiveCfg = Debug|Win32
		{5580B98F-C054-4988-B8CC-DECFD8138145}.Debug|x64.ActiveCfg = Debug|x64
		{5580B98F-C054-4988-B8CC-DECFD8138145}.Debug|x64.Build.0 = Debug|x64
		{5580B98F-C054-4988-B8CC-DECFD8138145}.Debug|x86.ActiveCfg = Debug|Win32
		{5580B98F-C054-4988-B8CC-DECFD8138145}.Debug|x86.Build.0 = Debug|Win32
		{5580B98F-C054-4988-B8CC-DECFD8138145}.Release|Any CPU.ActiveCfg = Release|Win32
		{5580B98F-C054-4988-B8CC-DECFD8138145}.Release|x64.ActiveCfg = Release|x64
		{5580B98F-C054-4988-B8CC-DECFD8138145}.Release|x64.Build.0 = Release|x64
		{5580B98F-C054-4988-B8CC-DECFD8138145}.Release|x86.ActiveCfg = Release|Win32
		{5580B98F-C054-4988-B8CC-DECFD8138145}.Release|x86.Build.0 = Release|Win32
	EndGlobalSection
	GlobalSection(SolutionProperties) = preSolution
		HideSolutionNode = FALSE
	EndGlobalSection
	GlobalSection(ExtensibilityGlobals) = postSolution
		SolutionGuid = {1C322B1B-3288-4F80-9DCC-C79E0080F01C}
	EndGlobalSection
EndGlobal
